<?xml version="1.0" encoding="utf-8"?>
<Project ToolsVersion="4.0" xmlns="http://schemas.microsoft.com/developer/msbuild/2003">
  <ItemGroup>
    <Filter Include="Source Files">
      <UniqueIdentifier>{4FC737F1-C7A5-4376-A066-2A32D752A2FF}</UniqueIdentifier>
      <Extensions>cpp;c;cc;cxx;def;odl;idl;hpj;bat;asm;asmx</Extensions>
    </Filter>
    <Filter Include="Header Files">
      <UniqueIdentifier>{93995380-89BD-4b04-88EB-625FBE52EBFB}</UniqueIdentifier>
      <Extensions>h;hh;hpp;hxx;hm;inl;inc;ipp;xsd</Extensions>
    </Filter>
    <Filter Include="Resource Files">
      <UniqueIdentifier>{67DA6AB6-F800-4c08-8B7A-83BB121AAD01}</UniqueIdentifier>
      <Extensions>rc;ico;cur;bmp;dlg;rc2;rct;bin;rgs;gif;jpg;jpeg;jpe;resx;tiff;tif;png;wav;mfcribbon-ms</Extensions>
    </Filter>
  </ItemGroup>
  <ItemGroup>
    <ClInclude Include="framework.h">
      <Filter>Header Files</Filter>
    </ClInclude>
    <ClInclude Include="pch.h">
      <Filter>Header Files</Filter>
    </ClInclude>
    <ClInclude Include="al_shape_basic.h">
      <Filter>Header Files</Filter>
    </ClInclude>
    <ClInclude Include="chao.h">
      <Filter>Header Files</Filter>
    </ClInclude>
    <ClInclude Include="dreamcast.h">
      <Filter>Header Files</Filter>
    </ClInclude>
    <ClInclude Include="data\Flower1.h">
      <Filter>Header Files</Filter>
    </ClInclude>
    <ClInclude Include="data\Flower2.h">
      <Filter>Header Files</Filter>
    </ClInclude>
    <ClInclude Include="data\TrumpetToy.h">
      <Filter>Header Files</Filter>
    </ClInclude>
    <ClInclude Include="data\DrumDC.h">
      <Filter>Header Files</Filter>
    </ClInclude>
    <ClInclude Include="data\DrumStickDC.h">
      <Filter>Header Files</Filter>
    </ClInclude>
    <ClInclude Include="stdafx.h">
      <Filter>Header Files</Filter>
    </ClInclude>
    <ClInclude Include="data\al_motion\alm_rappa_dc.h">
      <Filter>Header Files</Filter>
    </ClInclude>
    <ClInclude Include="data\al_motion\al_dc_motion.h">
      <Filter>Header Files</Filter>
    </ClInclude>
    <ClInclude Include="al_race.h">
      <Filter>Header Files</Filter>
    </ClInclude>
    <ClInclude Include="adv1\adv1_al_motion.h">
      <Filter>Header Files</Filter>
    </ClInclude>
    <ClInclude Include="adv1\adv1_al_icon.h">
      <Filter>Header Files</Filter>
    </ClInclude>
  </ItemGroup>
  <ItemGroup>
    <ClCompile Include="dllmain.cpp">
      <Filter>Source Files</Filter>
    </ClCompile>
    <ClCompile Include="pch.cpp">
      <Filter>Source Files</Filter>
    </ClCompile>
    <ClCompile Include="al_shape_basic.cpp">
      <Filter>Source Files</Filter>
    </ClCompile>
    <ClCompile Include="dreamcast.cpp">
      <Filter>Source Files</Filter>
    </ClCompile>
    <ClCompile Include="dreamcastchao.cpp">
      <Filter>Source Files</Filter>
    </ClCompile>
    <ClCompile Include="mod.cpp">
      <Filter>Source Files</Filter>
    </ClCompile>
    <ClCompile Include="al_race.cpp">
      <Filter>Source Files</Filter>
    </ClCompile>
    <ClCompile Include="adv1\adv1_al_motion.cpp">
      <Filter>Source Files</Filter>
    </ClCompile>
    <ClCompile Include="adv1\adv1_al_icon.cpp">
      <Filter>Source Files</Filter>
    </ClCompile>
  </ItemGroup>
  <ItemGroup>
    <None Include="data\al_motion\alm_scoop.nam" />
  </ItemGroup>
</Project>